// !$*UTF8*$!
{
	archiveVersion = 1;
	classes = {
	};
	objectVersion = 50;
	objects = {

/* Begin PBXBuildFile section */
		6A78676526C106AC000B63B8 /* AddDepositPresenter.swift in Sources */ = {isa = PBXBuildFile; fileRef = 6A78676426C106AC000B63B8 /* AddDepositPresenter.swift */; };
		6A78676726C106D3000B63B8 /* AddDepositInteractor.swift in Sources */ = {isa = PBXBuildFile; fileRef = 6A78676626C106D3000B63B8 /* AddDepositInteractor.swift */; };
		6A78676926C10700000B63B8 /* AddDepositRouter.swift in Sources */ = {isa = PBXBuildFile; fileRef = 6A78676826C10700000B63B8 /* AddDepositRouter.swift */; };
		6A78676B26C10729000B63B8 /* AddDepositViewController.swift in Sources */ = {isa = PBXBuildFile; fileRef = 6A78676A26C10729000B63B8 /* AddDepositViewController.swift */; };
		6A7EB8F426C11C10002A63B0 /* AddDepositViewController.xib in Resources */ = {isa = PBXBuildFile; fileRef = 6A7EB8F326C11C10002A63B0 /* AddDepositViewController.xib */; };
		6A7EB8F726C11D3F002A63B0 /* ChequImageView.swift in Sources */ = {isa = PBXBuildFile; fileRef = 6A7EB8F626C11D3F002A63B0 /* ChequImageView.swift */; };
		6A7EB8F926C11D59002A63B0 /* ChequeSide.swift in Sources */ = {isa = PBXBuildFile; fileRef = 6A7EB8F826C11D59002A63B0 /* ChequeSide.swift */; };
		6A93A0DA26C14E18004EBD20 /* AddDepositService.swift in Sources */ = {isa = PBXBuildFile; fileRef = 6A93A0D926C14E18004EBD20 /* AddDepositService.swift */; };
		6AA9388026C1126900CBEB64 /* AddDepositProtocols.swift in Sources */ = {isa = PBXBuildFile; fileRef = 6AA9387F26C1126900CBEB64 /* AddDepositProtocols.swift */; };
		87B9ADAD26BD248800F70A16 /* ModuleBuilder.swift in Sources */ = {isa = PBXBuildFile; fileRef = 87B9ADAC26BD248800F70A16 /* ModuleBuilder.swift */; };
		87B9ADAF26BD24C100F70A16 /* HomeTabBarBuilder.swift in Sources */ = {isa = PBXBuildFile; fileRef = 87B9ADAE26BD24C100F70A16 /* HomeTabBarBuilder.swift */; };
		87B9ADB126BD24DE00F70A16 /* ZelleBuilder.swift in Sources */ = {isa = PBXBuildFile; fileRef = 87B9ADB026BD24DE00F70A16 /* ZelleBuilder.swift */; };
		87B9ADB326BD24FA00F70A16 /* TransferBuilder.swift in Sources */ = {isa = PBXBuildFile; fileRef = 87B9ADB226BD24FA00F70A16 /* TransferBuilder.swift */; };
		87B9ADB526BD258800F70A16 /* AccountBuilder.swift in Sources */ = {isa = PBXBuildFile; fileRef = 87B9ADB426BD258800F70A16 /* AccountBuilder.swift */; };
		87B9ADF526C1397A00F70A16 /* DepositListPresenterTest.swift in Sources */ = {isa = PBXBuildFile; fileRef = 87B9ADF426C1397A00F70A16 /* DepositListPresenterTest.swift */; };
		87B9ADF726C139AA00F70A16 /* DepositListInteractorTests.swift in Sources */ = {isa = PBXBuildFile; fileRef = 87B9ADF626C139AA00F70A16 /* DepositListInteractorTests.swift */; };
		87B9ADF926C15B7A00F70A16 /* AddDepositBuilder.swift in Sources */ = {isa = PBXBuildFile; fileRef = 87B9ADF826C15B7A00F70A16 /* AddDepositBuilder.swift */; };
		87E6C4A526BA6DFD00994FA4 /* AppDelegate.swift in Sources */ = {isa = PBXBuildFile; fileRef = 87E6C4A426BA6DFD00994FA4 /* AppDelegate.swift */; };
		87E6C4A726BA6DFD00994FA4 /* SceneDelegate.swift in Sources */ = {isa = PBXBuildFile; fileRef = 87E6C4A626BA6DFD00994FA4 /* SceneDelegate.swift */; };
		87E6C4A926BA6DFD00994FA4 /* HomeTabBarController.swift in Sources */ = {isa = PBXBuildFile; fileRef = 87E6C4A826BA6DFD00994FA4 /* HomeTabBarController.swift */; };
		87E6C4AE26BA6DFE00994FA4 /* Assets.xcassets in Resources */ = {isa = PBXBuildFile; fileRef = 87E6C4AD26BA6DFE00994FA4 /* Assets.xcassets */; };
		87E6C4B126BA6DFE00994FA4 /* LaunchScreen.storyboard in Resources */ = {isa = PBXBuildFile; fileRef = 87E6C4AF26BA6DFE00994FA4 /* LaunchScreen.storyboard */; };
		87E6C4BC26BA6DFE00994FA4 /* BankingTrainingVIPERTests.swift in Sources */ = {isa = PBXBuildFile; fileRef = 87E6C4BB26BA6DFE00994FA4 /* BankingTrainingVIPERTests.swift */; };
		87E6C4C726BA6DFE00994FA4 /* BankingTrainingVIPERUITests.swift in Sources */ = {isa = PBXBuildFile; fileRef = 87E6C4C626BA6DFE00994FA4 /* BankingTrainingVIPERUITests.swift */; };
		87E6C4D526BA75D300994FA4 /* MoreBuilder.swift in Sources */ = {isa = PBXBuildFile; fileRef = 87E6C4D426BA75D200994FA4 /* MoreBuilder.swift */; };
		87E6C4DF26BA7F5100994FA4 /* DLVC+SearchBar.swift in Sources */ = {isa = PBXBuildFile; fileRef = 87E6C4D826BA7F5000994FA4 /* DLVC+SearchBar.swift */; };
		87E6C4E026BA7F5100994FA4 /* DepositListViewController.swift in Sources */ = {isa = PBXBuildFile; fileRef = 87E6C4D926BA7F5000994FA4 /* DepositListViewController.swift */; };
		87E6C4E126BA7F5100994FA4 /* DLVC+TableView.swift in Sources */ = {isa = PBXBuildFile; fileRef = 87E6C4DA26BA7F5000994FA4 /* DLVC+TableView.swift */; };
		87E6C4E326BA7F5100994FA4 /* DLVC+Animations.swift in Sources */ = {isa = PBXBuildFile; fileRef = 87E6C4DC26BA7F5100994FA4 /* DLVC+Animations.swift */; };
		87E6C4E426BA7F5100994FA4 /* DepositListViewController.xib in Resources */ = {isa = PBXBuildFile; fileRef = 87E6C4DD26BA7F5100994FA4 /* DepositListViewController.xib */; };
		87E6C4E526BA7F5100994FA4 /* DLVC+DepositListViewControllerProtocol.swift in Sources */ = {isa = PBXBuildFile; fileRef = 87E6C4DE26BA7F5100994FA4 /* DLVC+DepositListViewControllerProtocol.swift */; };
		87E6C4E826BA7F8300994FA4 /* BaseViewController.swift in Sources */ = {isa = PBXBuildFile; fileRef = 87E6C4E626BA7F8300994FA4 /* BaseViewController.swift */; };
		87E6C4EB26BA7FCB00994FA4 /* DepositListTableViewDataSource.swift in Sources */ = {isa = PBXBuildFile; fileRef = 87E6C4EA26BA7FCB00994FA4 /* DepositListTableViewDataSource.swift */; };
		87E6C4ED26BA7FDA00994FA4 /* SearchResultsController.swift in Sources */ = {isa = PBXBuildFile; fileRef = 87E6C4EC26BA7FDA00994FA4 /* SearchResultsController.swift */; };
		87E6C4F026BA7FEE00994FA4 /* DepositTableViewCell.swift in Sources */ = {isa = PBXBuildFile; fileRef = 87E6C4EE26BA7FEE00994FA4 /* DepositTableViewCell.swift */; };
		87E6C4F126BA7FEE00994FA4 /* DepositTableViewCell.xib in Resources */ = {isa = PBXBuildFile; fileRef = 87E6C4EF26BA7FEE00994FA4 /* DepositTableViewCell.xib */; };
		87E6C4F426BA802600994FA4 /* SnackBar+AlertView.swift in Sources */ = {isa = PBXBuildFile; fileRef = 87E6C4F226BA802600994FA4 /* SnackBar+AlertView.swift */; };
		87E6C4F526BA802600994FA4 /* SnackBar.swift in Sources */ = {isa = PBXBuildFile; fileRef = 87E6C4F326BA802600994FA4 /* SnackBar.swift */; };
		87E6C4F726BA802900994FA4 /* SnackBar+Builder.swift in Sources */ = {isa = PBXBuildFile; fileRef = 87E6C4F626BA802900994FA4 /* SnackBar+Builder.swift */; };
		87E6C4FA26BA807A00994FA4 /* DepositViewModel.swift in Sources */ = {isa = PBXBuildFile; fileRef = 87E6C4F926BA807A00994FA4 /* DepositViewModel.swift */; };
		87E6C4FE26BA813A00994FA4 /* DepositError.swift in Sources */ = {isa = PBXBuildFile; fileRef = 87E6C4FC26BA813A00994FA4 /* DepositError.swift */; };
		87E6C4FF26BA813A00994FA4 /* DepositModel.swift in Sources */ = {isa = PBXBuildFile; fileRef = 87E6C4FD26BA813A00994FA4 /* DepositModel.swift */; };
		87E6C50A26BA815000994FA4 /* MockURLSession.swift in Sources */ = {isa = PBXBuildFile; fileRef = 87E6C50126BA815000994FA4 /* MockURLSession.swift */; };
		87E6C50B26BA815000994FA4 /* ServiceBuildable.swift in Sources */ = {isa = PBXBuildFile; fileRef = 87E6C50226BA815000994FA4 /* ServiceBuildable.swift */; };
		87E6C50C26BA815000994FA4 /* ServiceRequestMethod.swift in Sources */ = {isa = PBXBuildFile; fileRef = 87E6C50326BA815000994FA4 /* ServiceRequestMethod.swift */; };
		87E6C50D26BA815000994FA4 /* URLRequest.swift in Sources */ = {isa = PBXBuildFile; fileRef = 87E6C50426BA815000994FA4 /* URLRequest.swift */; };
		87E6C50E26BA815000994FA4 /* NetworkClient.swift in Sources */ = {isa = PBXBuildFile; fileRef = 87E6C50526BA815000994FA4 /* NetworkClient.swift */; };
		87E6C50F26BA815000994FA4 /* NetworkClientError.swift in Sources */ = {isa = PBXBuildFile; fileRef = 87E6C50626BA815000994FA4 /* NetworkClientError.swift */; };
		87E6C51026BA815000994FA4 /* Cache.swift in Sources */ = {isa = PBXBuildFile; fileRef = 87E6C50726BA815000994FA4 /* Cache.swift */; };
		87E6C51126BA815000994FA4 /* URLSessionProtocol.swift in Sources */ = {isa = PBXBuildFile; fileRef = 87E6C50826BA815000994FA4 /* URLSessionProtocol.swift */; };
		87E6C51226BA815000994FA4 /* ServiceRequest.swift in Sources */ = {isa = PBXBuildFile; fileRef = 87E6C50926BA815000994FA4 /* ServiceRequest.swift */; };
		87E6C51426BA815C00994FA4 /* deposits_list.json in Resources */ = {isa = PBXBuildFile; fileRef = 87E6C51326BA815C00994FA4 /* deposits_list.json */; };
		87E6C51626BA816F00994FA4 /* DepositListsService.swift in Sources */ = {isa = PBXBuildFile; fileRef = 87E6C51526BA816F00994FA4 /* DepositListsService.swift */; };
		87E6C51926BA823100994FA4 /* Environment.swift in Sources */ = {isa = PBXBuildFile; fileRef = 87E6C51826BA823100994FA4 /* Environment.swift */; };
		87E6C51E26BA88B800994FA4 /* DepositListProtocols.swift in Sources */ = {isa = PBXBuildFile; fileRef = 87E6C51D26BA88B800994FA4 /* DepositListProtocols.swift */; };
		87E6C52026BA959F00994FA4 /* DepositListPresenter.swift in Sources */ = {isa = PBXBuildFile; fileRef = 87E6C51F26BA959F00994FA4 /* DepositListPresenter.swift */; };
		87E6C52226BA95FC00994FA4 /* DepositListInteractor.swift in Sources */ = {isa = PBXBuildFile; fileRef = 87E6C52126BA95FC00994FA4 /* DepositListInteractor.swift */; };
		87E6C52426BA9A0E00994FA4 /* DepositListRouter.swift in Sources */ = {isa = PBXBuildFile; fileRef = 87E6C52326BA9A0E00994FA4 /* DepositListRouter.swift */; };
		87E6C52626BAA89F00994FA4 /* DepositBuilder.swift in Sources */ = {isa = PBXBuildFile; fileRef = 87E6C52526BAA89F00994FA4 /* DepositBuilder.swift */; };
/* End PBXBuildFile section */

/* Begin PBXContainerItemProxy section */
		87E6C4B826BA6DFE00994FA4 /* PBXContainerItemProxy */ = {
			isa = PBXContainerItemProxy;
			containerPortal = 87E6C49926BA6DFD00994FA4 /* Project object */;
			proxyType = 1;
			remoteGlobalIDString = 87E6C4A026BA6DFD00994FA4;
			remoteInfo = BankingTrainingVIPER;
		};
		87E6C4C326BA6DFE00994FA4 /* PBXContainerItemProxy */ = {
			isa = PBXContainerItemProxy;
			containerPortal = 87E6C49926BA6DFD00994FA4 /* Project object */;
			proxyType = 1;
			remoteGlobalIDString = 87E6C4A026BA6DFD00994FA4;
			remoteInfo = BankingTrainingVIPER;
		};
/* End PBXContainerItemProxy section */

/* Begin PBXFileReference section */
		6A78676426C106AC000B63B8 /* AddDepositPresenter.swift */ = {isa = PBXFileReference; fileEncoding = 4; lastKnownFileType = sourcecode.swift; path = AddDepositPresenter.swift; sourceTree = "<group>"; };
		6A78676626C106D3000B63B8 /* AddDepositInteractor.swift */ = {isa = PBXFileReference; lastKnownFileType = sourcecode.swift; path = AddDepositInteractor.swift; sourceTree = "<group>"; };
		6A78676826C10700000B63B8 /* AddDepositRouter.swift */ = {isa = PBXFileReference; lastKnownFileType = sourcecode.swift; path = AddDepositRouter.swift; sourceTree = "<group>"; };
		6A78676A26C10729000B63B8 /* AddDepositViewController.swift */ = {isa = PBXFileReference; lastKnownFileType = sourcecode.swift; path = AddDepositViewController.swift; sourceTree = "<group>"; };
		6A7EB8F326C11C10002A63B0 /* AddDepositViewController.xib */ = {isa = PBXFileReference; fileEncoding = 4; lastKnownFileType = file.xib; path = AddDepositViewController.xib; sourceTree = "<group>"; };
		6A7EB8F626C11D3F002A63B0 /* ChequImageView.swift */ = {isa = PBXFileReference; fileEncoding = 4; lastKnownFileType = sourcecode.swift; path = ChequImageView.swift; sourceTree = "<group>"; };
		6A7EB8F826C11D59002A63B0 /* ChequeSide.swift */ = {isa = PBXFileReference; fileEncoding = 4; lastKnownFileType = sourcecode.swift; path = ChequeSide.swift; sourceTree = "<group>"; };
		6A93A0D926C14E18004EBD20 /* AddDepositService.swift */ = {isa = PBXFileReference; lastKnownFileType = sourcecode.swift; path = AddDepositService.swift; sourceTree = "<group>"; };
		6AA9387F26C1126900CBEB64 /* AddDepositProtocols.swift */ = {isa = PBXFileReference; lastKnownFileType = sourcecode.swift; path = AddDepositProtocols.swift; sourceTree = "<group>"; };
		87B9ADAC26BD248800F70A16 /* ModuleBuilder.swift */ = {isa = PBXFileReference; lastKnownFileType = sourcecode.swift; path = ModuleBuilder.swift; sourceTree = "<group>"; };
		87B9ADAE26BD24C100F70A16 /* HomeTabBarBuilder.swift */ = {isa = PBXFileReference; lastKnownFileType = sourcecode.swift; path = HomeTabBarBuilder.swift; sourceTree = "<group>"; };
		87B9ADB026BD24DE00F70A16 /* ZelleBuilder.swift */ = {isa = PBXFileReference; lastKnownFileType = sourcecode.swift; path = ZelleBuilder.swift; sourceTree = "<group>"; };
		87B9ADB226BD24FA00F70A16 /* TransferBuilder.swift */ = {isa = PBXFileReference; lastKnownFileType = sourcecode.swift; path = TransferBuilder.swift; sourceTree = "<group>"; };
		87B9ADB426BD258800F70A16 /* AccountBuilder.swift */ = {isa = PBXFileReference; lastKnownFileType = sourcecode.swift; path = AccountBuilder.swift; sourceTree = "<group>"; };
		87B9ADF426C1397A00F70A16 /* DepositListPresenterTest.swift */ = {isa = PBXFileReference; lastKnownFileType = sourcecode.swift; path = DepositListPresenterTest.swift; sourceTree = "<group>"; };
		87B9ADF626C139AA00F70A16 /* DepositListInteractorTests.swift */ = {isa = PBXFileReference; lastKnownFileType = sourcecode.swift; path = DepositListInteractorTests.swift; sourceTree = "<group>"; };
		87B9ADF826C15B7A00F70A16 /* AddDepositBuilder.swift */ = {isa = PBXFileReference; lastKnownFileType = sourcecode.swift; path = AddDepositBuilder.swift; sourceTree = "<group>"; };
		87E6C4A126BA6DFD00994FA4 /* BankingTrainingVIPER.app */ = {isa = PBXFileReference; explicitFileType = wrapper.application; includeInIndex = 0; path = BankingTrainingVIPER.app; sourceTree = BUILT_PRODUCTS_DIR; };
		87E6C4A426BA6DFD00994FA4 /* AppDelegate.swift */ = {isa = PBXFileReference; lastKnownFileType = sourcecode.swift; path = AppDelegate.swift; sourceTree = "<group>"; };
		87E6C4A626BA6DFD00994FA4 /* SceneDelegate.swift */ = {isa = PBXFileReference; lastKnownFileType = sourcecode.swift; path = SceneDelegate.swift; sourceTree = "<group>"; };
		87E6C4A826BA6DFD00994FA4 /* HomeTabBarController.swift */ = {isa = PBXFileReference; lastKnownFileType = sourcecode.swift; path = HomeTabBarController.swift; sourceTree = "<group>"; };
		87E6C4AD26BA6DFE00994FA4 /* Assets.xcassets */ = {isa = PBXFileReference; lastKnownFileType = folder.assetcatalog; path = Assets.xcassets; sourceTree = "<group>"; };
		87E6C4B026BA6DFE00994FA4 /* Base */ = {isa = PBXFileReference; lastKnownFileType = file.storyboard; name = Base; path = Base.lproj/LaunchScreen.storyboard; sourceTree = "<group>"; };
		87E6C4B226BA6DFE00994FA4 /* Info.plist */ = {isa = PBXFileReference; lastKnownFileType = text.plist.xml; path = Info.plist; sourceTree = "<group>"; };
		87E6C4B726BA6DFE00994FA4 /* BankingTrainingVIPERTests.xctest */ = {isa = PBXFileReference; explicitFileType = wrapper.cfbundle; includeInIndex = 0; path = BankingTrainingVIPERTests.xctest; sourceTree = BUILT_PRODUCTS_DIR; };
		87E6C4BB26BA6DFE00994FA4 /* BankingTrainingVIPERTests.swift */ = {isa = PBXFileReference; lastKnownFileType = sourcecode.swift; path = BankingTrainingVIPERTests.swift; sourceTree = "<group>"; };
		87E6C4BD26BA6DFE00994FA4 /* Info.plist */ = {isa = PBXFileReference; lastKnownFileType = text.plist.xml; path = Info.plist; sourceTree = "<group>"; };
		87E6C4C226BA6DFE00994FA4 /* BankingTrainingVIPERUITests.xctest */ = {isa = PBXFileReference; explicitFileType = wrapper.cfbundle; includeInIndex = 0; path = BankingTrainingVIPERUITests.xctest; sourceTree = BUILT_PRODUCTS_DIR; };
		87E6C4C626BA6DFE00994FA4 /* BankingTrainingVIPERUITests.swift */ = {isa = PBXFileReference; lastKnownFileType = sourcecode.swift; path = BankingTrainingVIPERUITests.swift; sourceTree = "<group>"; };
		87E6C4C826BA6DFE00994FA4 /* Info.plist */ = {isa = PBXFileReference; lastKnownFileType = text.plist.xml; path = Info.plist; sourceTree = "<group>"; };
		87E6C4D426BA75D200994FA4 /* MoreBuilder.swift */ = {isa = PBXFileReference; lastKnownFileType = sourcecode.swift; path = MoreBuilder.swift; sourceTree = "<group>"; };
		87E6C4D826BA7F5000994FA4 /* DLVC+SearchBar.swift */ = {isa = PBXFileReference; fileEncoding = 4; lastKnownFileType = sourcecode.swift; path = "DLVC+SearchBar.swift"; sourceTree = "<group>"; };
		87E6C4D926BA7F5000994FA4 /* DepositListViewController.swift */ = {isa = PBXFileReference; fileEncoding = 4; lastKnownFileType = sourcecode.swift; path = DepositListViewController.swift; sourceTree = "<group>"; };
		87E6C4DA26BA7F5000994FA4 /* DLVC+TableView.swift */ = {isa = PBXFileReference; fileEncoding = 4; lastKnownFileType = sourcecode.swift; path = "DLVC+TableView.swift"; sourceTree = "<group>"; };
		87E6C4DC26BA7F5100994FA4 /* DLVC+Animations.swift */ = {isa = PBXFileReference; fileEncoding = 4; lastKnownFileType = sourcecode.swift; path = "DLVC+Animations.swift"; sourceTree = "<group>"; };
		87E6C4DD26BA7F5100994FA4 /* DepositListViewController.xib */ = {isa = PBXFileReference; fileEncoding = 4; lastKnownFileType = file.xib; path = DepositListViewController.xib; sourceTree = "<group>"; };
		87E6C4DE26BA7F5100994FA4 /* DLVC+DepositListViewControllerProtocol.swift */ = {isa = PBXFileReference; fileEncoding = 4; lastKnownFileType = sourcecode.swift; path = "DLVC+DepositListViewControllerProtocol.swift"; sourceTree = "<group>"; };
		87E6C4E626BA7F8300994FA4 /* BaseViewController.swift */ = {isa = PBXFileReference; fileEncoding = 4; lastKnownFileType = sourcecode.swift; path = BaseViewController.swift; sourceTree = "<group>"; };
		87E6C4EA26BA7FCB00994FA4 /* DepositListTableViewDataSource.swift */ = {isa = PBXFileReference; fileEncoding = 4; lastKnownFileType = sourcecode.swift; path = DepositListTableViewDataSource.swift; sourceTree = "<group>"; };
		87E6C4EC26BA7FDA00994FA4 /* SearchResultsController.swift */ = {isa = PBXFileReference; fileEncoding = 4; lastKnownFileType = sourcecode.swift; path = SearchResultsController.swift; sourceTree = "<group>"; };
		87E6C4EE26BA7FEE00994FA4 /* DepositTableViewCell.swift */ = {isa = PBXFileReference; fileEncoding = 4; lastKnownFileType = sourcecode.swift; path = DepositTableViewCell.swift; sourceTree = "<group>"; };
		87E6C4EF26BA7FEE00994FA4 /* DepositTableViewCell.xib */ = {isa = PBXFileReference; fileEncoding = 4; lastKnownFileType = file.xib; path = DepositTableViewCell.xib; sourceTree = "<group>"; };
		87E6C4F226BA802600994FA4 /* SnackBar+AlertView.swift */ = {isa = PBXFileReference; lastKnownFileType = sourcecode.swift; path = "SnackBar+AlertView.swift"; sourceTree = "<group>"; };
		87E6C4F326BA802600994FA4 /* SnackBar.swift */ = {isa = PBXFileReference; lastKnownFileType = sourcecode.swift; path = SnackBar.swift; sourceTree = "<group>"; };
		87E6C4F626BA802900994FA4 /* SnackBar+Builder.swift */ = {isa = PBXFileReference; lastKnownFileType = sourcecode.swift; path = "SnackBar+Builder.swift"; sourceTree = "<group>"; };
		87E6C4F926BA807A00994FA4 /* DepositViewModel.swift */ = {isa = PBXFileReference; fileEncoding = 4; lastKnownFileType = sourcecode.swift; path = DepositViewModel.swift; sourceTree = "<group>"; };
		87E6C4FC26BA813A00994FA4 /* DepositError.swift */ = {isa = PBXFileReference; fileEncoding = 4; lastKnownFileType = sourcecode.swift; path = DepositError.swift; sourceTree = "<group>"; };
		87E6C4FD26BA813A00994FA4 /* DepositModel.swift */ = {isa = PBXFileReference; fileEncoding = 4; lastKnownFileType = sourcecode.swift; path = DepositModel.swift; sourceTree = "<group>"; };
		87E6C50126BA815000994FA4 /* MockURLSession.swift */ = {isa = PBXFileReference; fileEncoding = 4; lastKnownFileType = sourcecode.swift; path = MockURLSession.swift; sourceTree = "<group>"; };
		87E6C50226BA815000994FA4 /* ServiceBuildable.swift */ = {isa = PBXFileReference; fileEncoding = 4; lastKnownFileType = sourcecode.swift; path = ServiceBuildable.swift; sourceTree = "<group>"; };
		87E6C50326BA815000994FA4 /* ServiceRequestMethod.swift */ = {isa = PBXFileReference; fileEncoding = 4; lastKnownFileType = sourcecode.swift; path = ServiceRequestMethod.swift; sourceTree = "<group>"; };
		87E6C50426BA815000994FA4 /* URLRequest.swift */ = {isa = PBXFileReference; fileEncoding = 4; lastKnownFileType = sourcecode.swift; path = URLRequest.swift; sourceTree = "<group>"; };
		87E6C50526BA815000994FA4 /* NetworkClient.swift */ = {isa = PBXFileReference; fileEncoding = 4; lastKnownFileType = sourcecode.swift; path = NetworkClient.swift; sourceTree = "<group>"; };
		87E6C50626BA815000994FA4 /* NetworkClientError.swift */ = {isa = PBXFileReference; fileEncoding = 4; lastKnownFileType = sourcecode.swift; path = NetworkClientError.swift; sourceTree = "<group>"; };
		87E6C50726BA815000994FA4 /* Cache.swift */ = {isa = PBXFileReference; fileEncoding = 4; lastKnownFileType = sourcecode.swift; path = Cache.swift; sourceTree = "<group>"; };
		87E6C50826BA815000994FA4 /* URLSessionProtocol.swift */ = {isa = PBXFileReference; fileEncoding = 4; lastKnownFileType = sourcecode.swift; path = URLSessionProtocol.swift; sourceTree = "<group>"; };
		87E6C50926BA815000994FA4 /* ServiceRequest.swift */ = {isa = PBXFileReference; fileEncoding = 4; lastKnownFileType = sourcecode.swift; path = ServiceRequest.swift; sourceTree = "<group>"; };
		87E6C51326BA815C00994FA4 /* deposits_list.json */ = {isa = PBXFileReference; fileEncoding = 4; lastKnownFileType = text.json; path = deposits_list.json; sourceTree = "<group>"; };
		87E6C51526BA816F00994FA4 /* DepositListsService.swift */ = {isa = PBXFileReference; fileEncoding = 4; lastKnownFileType = sourcecode.swift; path = DepositListsService.swift; sourceTree = "<group>"; };
		87E6C51826BA823100994FA4 /* Environment.swift */ = {isa = PBXFileReference; fileEncoding = 4; lastKnownFileType = sourcecode.swift; path = Environment.swift; sourceTree = "<group>"; };
		87E6C51D26BA88B800994FA4 /* DepositListProtocols.swift */ = {isa = PBXFileReference; lastKnownFileType = sourcecode.swift; path = DepositListProtocols.swift; sourceTree = "<group>"; };
		87E6C51F26BA959F00994FA4 /* DepositListPresenter.swift */ = {isa = PBXFileReference; lastKnownFileType = sourcecode.swift; path = DepositListPresenter.swift; sourceTree = "<group>"; };
		87E6C52126BA95FC00994FA4 /* DepositListInteractor.swift */ = {isa = PBXFileReference; lastKnownFileType = sourcecode.swift; path = DepositListInteractor.swift; sourceTree = "<group>"; };
		87E6C52326BA9A0E00994FA4 /* DepositListRouter.swift */ = {isa = PBXFileReference; lastKnownFileType = sourcecode.swift; path = DepositListRouter.swift; sourceTree = "<group>"; };
		87E6C52526BAA89F00994FA4 /* DepositBuilder.swift */ = {isa = PBXFileReference; lastKnownFileType = sourcecode.swift; path = DepositBuilder.swift; sourceTree = "<group>"; };
/* End PBXFileReference section */

/* Begin PBXFrameworksBuildPhase section */
		87E6C49E26BA6DFD00994FA4 /* Frameworks */ = {
			isa = PBXFrameworksBuildPhase;
			buildActionMask = 2147483647;
			files = (
			);
			runOnlyForDeploymentPostprocessing = 0;
		};
		87E6C4B426BA6DFE00994FA4 /* Frameworks */ = {
			isa = PBXFrameworksBuildPhase;
			buildActionMask = 2147483647;
			files = (
			);
			runOnlyForDeploymentPostprocessing = 0;
		};
		87E6C4BF26BA6DFE00994FA4 /* Frameworks */ = {
			isa = PBXFrameworksBuildPhase;
			buildActionMask = 2147483647;
			files = (
			);
			runOnlyForDeploymentPostprocessing = 0;
		};
/* End PBXFrameworksBuildPhase section */

/* Begin PBXGroup section */
		6A7EB8F526C11C21002A63B0 /* View */ = {
			isa = PBXGroup;
			children = (
				6A78676A26C10729000B63B8 /* AddDepositViewController.swift */,
				6A7EB8F326C11C10002A63B0 /* AddDepositViewController.xib */,
			);
			path = View;
			sourceTree = "<group>";
		};
		6A7EB8FA26C11E12002A63B0 /* Interactor */ = {
			isa = PBXGroup;
			children = (
				6A78676626C106D3000B63B8 /* AddDepositInteractor.swift */,
			);
			path = Interactor;
			sourceTree = "<group>";
		};
		6A7EB8FB26C11E2C002A63B0 /* Presenter */ = {
			isa = PBXGroup;
			children = (
				6A78676426C106AC000B63B8 /* AddDepositPresenter.swift */,
			);
			path = Presenter;
			sourceTree = "<group>";
		};
		6A7EB8FC26C11E44002A63B0 /* Router */ = {
			isa = PBXGroup;
			children = (
				6A78676826C10700000B63B8 /* AddDepositRouter.swift */,
			);
			path = Router;
			sourceTree = "<group>";
		};
		6A7EB8FD26C11E57002A63B0 /* Protocols */ = {
			isa = PBXGroup;
			children = (
				6AA9387F26C1126900CBEB64 /* AddDepositProtocols.swift */,
			);
			path = Protocols;
			sourceTree = "<group>";
		};
		87B9ADB626BD25E000F70A16 /* Builders */ = {
			isa = PBXGroup;
			children = (
				87E6C52526BAA89F00994FA4 /* DepositBuilder.swift */,
				87B9ADAC26BD248800F70A16 /* ModuleBuilder.swift */,
				87B9ADAE26BD24C100F70A16 /* HomeTabBarBuilder.swift */,
				87E6C4D426BA75D200994FA4 /* MoreBuilder.swift */,
				87B9ADB026BD24DE00F70A16 /* ZelleBuilder.swift */,
				87B9ADB226BD24FA00F70A16 /* TransferBuilder.swift */,
				87B9ADB426BD258800F70A16 /* AccountBuilder.swift */,
				87B9ADF826C15B7A00F70A16 /* AddDepositBuilder.swift */,
			);
			path = Builders;
			sourceTree = "<group>";
		};
		87B9ADB726BD269D00F70A16 /* Supporting */ = {
			isa = PBXGroup;
			children = (
				87E6C4F826BA803300994FA4 /* Snackbar */,
				87E6C4A426BA6DFD00994FA4 /* AppDelegate.swift */,
				87E6C4A626BA6DFD00994FA4 /* SceneDelegate.swift */,
				87E6C4A826BA6DFD00994FA4 /* HomeTabBarController.swift */,
				87E6C4E626BA7F8300994FA4 /* BaseViewController.swift */,
				6A7EB8F826C11D59002A63B0 /* ChequeSide.swift */,
				6A7EB8F626C11D3F002A63B0 /* ChequImageView.swift */,
			);
			path = Supporting;
			sourceTree = "<group>";
		};
		87B9ADB826BD26D100F70A16 /* AddDeposit */ = {
			isa = PBXGroup;
			children = (
				6A7EB8F526C11C21002A63B0 /* View */,
				6A7EB8FA26C11E12002A63B0 /* Interactor */,
				6A7EB8FB26C11E2C002A63B0 /* Presenter */,
				6A7EB8FC26C11E44002A63B0 /* Router */,
				6A7EB8FD26C11E57002A63B0 /* Protocols */,
				6A93A0D926C14E18004EBD20 /* AddDepositService.swift */,
			);
			path = AddDeposit;
			sourceTree = "<group>";
		};
		87E6C49826BA6DFD00994FA4 = {
			isa = PBXGroup;
			children = (
				87E6C4A326BA6DFD00994FA4 /* BankingTrainingVIPER */,
				87E6C4BA26BA6DFE00994FA4 /* BankingTrainingVIPERTests */,
				87E6C4C526BA6DFE00994FA4 /* BankingTrainingVIPERUITests */,
				87E6C4A226BA6DFD00994FA4 /* Products */,
			);
			sourceTree = "<group>";
		};
		87E6C4A226BA6DFD00994FA4 /* Products */ = {
			isa = PBXGroup;
			children = (
				87E6C4A126BA6DFD00994FA4 /* BankingTrainingVIPER.app */,
				87E6C4B726BA6DFE00994FA4 /* BankingTrainingVIPERTests.xctest */,
				87E6C4C226BA6DFE00994FA4 /* BankingTrainingVIPERUITests.xctest */,
			);
			name = Products;
			sourceTree = "<group>";
		};
		87E6C4A326BA6DFD00994FA4 /* BankingTrainingVIPER */ = {
			isa = PBXGroup;
			children = (
				87E6C50026BA814000994FA4 /* Networking */,
				87E6C4D626BA7F3A00994FA4 /* Scenes */,
				87B9ADB726BD269D00F70A16 /* Supporting */,
				87B9ADB626BD25E000F70A16 /* Builders */,
				87E6C51826BA823100994FA4 /* Environment.swift */,
				87E6C4AD26BA6DFE00994FA4 /* Assets.xcassets */,
				87E6C4AF26BA6DFE00994FA4 /* LaunchScreen.storyboard */,
				87E6C4B226BA6DFE00994FA4 /* Info.plist */,
			);
			path = BankingTrainingVIPER;
			sourceTree = "<group>";
		};
		87E6C4BA26BA6DFE00994FA4 /* BankingTrainingVIPERTests */ = {
			isa = PBXGroup;
			children = (
				87E6C4BB26BA6DFE00994FA4 /* BankingTrainingVIPERTests.swift */,
				87B9ADF426C1397A00F70A16 /* DepositListPresenterTest.swift */,
				87B9ADF626C139AA00F70A16 /* DepositListInteractorTests.swift */,
				87E6C4BD26BA6DFE00994FA4 /* Info.plist */,
			);
			path = BankingTrainingVIPERTests;
			sourceTree = "<group>";
		};
		87E6C4C526BA6DFE00994FA4 /* BankingTrainingVIPERUITests */ = {
			isa = PBXGroup;
			children = (
				87E6C4C626BA6DFE00994FA4 /* BankingTrainingVIPERUITests.swift */,
				87E6C4C826BA6DFE00994FA4 /* Info.plist */,
			);
			path = BankingTrainingVIPERUITests;
			sourceTree = "<group>";
		};
		87E6C4D626BA7F3A00994FA4 /* Scenes */ = {
			isa = PBXGroup;
			children = (
				87B9ADB826BD26D100F70A16 /* AddDeposit */,
				87E6C4D726BA7F4300994FA4 /* DepositList */,
			);
			path = Scenes;
			sourceTree = "<group>";
		};
		87E6C4D726BA7F4300994FA4 /* DepositList */ = {
			isa = PBXGroup;
			children = (
				87E6C51F26BA959F00994FA4 /* DepositListPresenter.swift */,
				87E6C52126BA95FC00994FA4 /* DepositListInteractor.swift */,
				87E6C52326BA9A0E00994FA4 /* DepositListRouter.swift */,
				87E6C51D26BA88B800994FA4 /* DepositListProtocols.swift */,
				87E6C51726BA81CD00994FA4 /* Model+ViewModel+DataSource */,
				87E6C4FB26BA80F700994FA4 /* Cells */,
				87E6C51A26BA851000994FA4 /* Controller */,
			);
			path = DepositList;
			sourceTree = "<group>";
		};
		87E6C4F826BA803300994FA4 /* Snackbar */ = {
			isa = PBXGroup;
			children = (
				87E6C4F326BA802600994FA4 /* SnackBar.swift */,
				87E6C4F226BA802600994FA4 /* SnackBar+AlertView.swift */,
				87E6C4F626BA802900994FA4 /* SnackBar+Builder.swift */,
			);
			path = Snackbar;
			sourceTree = "<group>";
		};
		87E6C4FB26BA80F700994FA4 /* Cells */ = {
			isa = PBXGroup;
			children = (
				87E6C4EE26BA7FEE00994FA4 /* DepositTableViewCell.swift */,
				87E6C4EF26BA7FEE00994FA4 /* DepositTableViewCell.xib */,
			);
			path = Cells;
			sourceTree = "<group>";
		};
		87E6C50026BA814000994FA4 /* Networking */ = {
			isa = PBXGroup;
			children = (
				87E6C51326BA815C00994FA4 /* deposits_list.json */,
				87E6C50726BA815000994FA4 /* Cache.swift */,
				87E6C50126BA815000994FA4 /* MockURLSession.swift */,
				87E6C50526BA815000994FA4 /* NetworkClient.swift */,
				87E6C50626BA815000994FA4 /* NetworkClientError.swift */,
				87E6C50226BA815000994FA4 /* ServiceBuildable.swift */,
				87E6C50926BA815000994FA4 /* ServiceRequest.swift */,
				87E6C50326BA815000994FA4 /* ServiceRequestMethod.swift */,
				87E6C50426BA815000994FA4 /* URLRequest.swift */,
				87E6C50826BA815000994FA4 /* URLSessionProtocol.swift */,
			);
			path = Networking;
			sourceTree = "<group>";
		};
		87E6C51726BA81CD00994FA4 /* Model+ViewModel+DataSource */ = {
			isa = PBXGroup;
			children = (
				87E6C51526BA816F00994FA4 /* DepositListsService.swift */,
				87E6C4EA26BA7FCB00994FA4 /* DepositListTableViewDataSource.swift */,
				87E6C4FC26BA813A00994FA4 /* DepositError.swift */,
				87E6C4FD26BA813A00994FA4 /* DepositModel.swift */,
				87E6C4F926BA807A00994FA4 /* DepositViewModel.swift */,
			);
			path = "Model+ViewModel+DataSource";
			sourceTree = "<group>";
		};
		87E6C51A26BA851000994FA4 /* Controller */ = {
			isa = PBXGroup;
			children = (
				87E6C4EC26BA7FDA00994FA4 /* SearchResultsController.swift */,
				87E6C51B26BA87AC00994FA4 /* DepositListViewController */,
			);
			path = Controller;
			sourceTree = "<group>";
		};
		87E6C51B26BA87AC00994FA4 /* DepositListViewController */ = {
			isa = PBXGroup;
			children = (
				87E6C4D926BA7F5000994FA4 /* DepositListViewController.swift */,
				87E6C4DD26BA7F5100994FA4 /* DepositListViewController.xib */,
				87E6C4DC26BA7F5100994FA4 /* DLVC+Animations.swift */,
				87E6C4D826BA7F5000994FA4 /* DLVC+SearchBar.swift */,
				87E6C4DA26BA7F5000994FA4 /* DLVC+TableView.swift */,
				87E6C4DE26BA7F5100994FA4 /* DLVC+DepositListViewControllerProtocol.swift */,
			);
			path = DepositListViewController;
			sourceTree = "<group>";
		};
/* End PBXGroup section */

/* Begin PBXNativeTarget section */
		87E6C4A026BA6DFD00994FA4 /* BankingTrainingVIPER */ = {
			isa = PBXNativeTarget;
			buildConfigurationList = 87E6C4CB26BA6DFE00994FA4 /* Build configuration list for PBXNativeTarget "BankingTrainingVIPER" */;
			buildPhases = (
				87E6C49D26BA6DFD00994FA4 /* Sources */,
				87E6C49E26BA6DFD00994FA4 /* Frameworks */,
				87E6C49F26BA6DFD00994FA4 /* Resources */,
			);
			buildRules = (
			);
			dependencies = (
			);
			name = BankingTrainingVIPER;
			productName = BankingTrainingVIPER;
			productReference = 87E6C4A126BA6DFD00994FA4 /* BankingTrainingVIPER.app */;
			productType = "com.apple.product-type.application";
		};
		87E6C4B626BA6DFE00994FA4 /* BankingTrainingVIPERTests */ = {
			isa = PBXNativeTarget;
			buildConfigurationList = 87E6C4CE26BA6DFE00994FA4 /* Build configuration list for PBXNativeTarget "BankingTrainingVIPERTests" */;
			buildPhases = (
				87E6C4B326BA6DFE00994FA4 /* Sources */,
				87E6C4B426BA6DFE00994FA4 /* Frameworks */,
				87E6C4B526BA6DFE00994FA4 /* Resources */,
			);
			buildRules = (
			);
			dependencies = (
				87E6C4B926BA6DFE00994FA4 /* PBXTargetDependency */,
			);
			name = BankingTrainingVIPERTests;
			productName = BankingTrainingVIPERTests;
			productReference = 87E6C4B726BA6DFE00994FA4 /* BankingTrainingVIPERTests.xctest */;
			productType = "com.apple.product-type.bundle.unit-test";
		};
		87E6C4C126BA6DFE00994FA4 /* BankingTrainingVIPERUITests */ = {
			isa = PBXNativeTarget;
			buildConfigurationList = 87E6C4D126BA6DFE00994FA4 /* Build configuration list for PBXNativeTarget "BankingTrainingVIPERUITests" */;
			buildPhases = (
				87E6C4BE26BA6DFE00994FA4 /* Sources */,
				87E6C4BF26BA6DFE00994FA4 /* Frameworks */,
				87E6C4C026BA6DFE00994FA4 /* Resources */,
			);
			buildRules = (
			);
			dependencies = (
				87E6C4C426BA6DFE00994FA4 /* PBXTargetDependency */,
			);
			name = BankingTrainingVIPERUITests;
			productName = BankingTrainingVIPERUITests;
			productReference = 87E6C4C226BA6DFE00994FA4 /* BankingTrainingVIPERUITests.xctest */;
			productType = "com.apple.product-type.bundle.ui-testing";
		};
/* End PBXNativeTarget section */

/* Begin PBXProject section */
		87E6C49926BA6DFD00994FA4 /* Project object */ = {
			isa = PBXProject;
			attributes = {
				LastSwiftUpdateCheck = 1250;
				LastUpgradeCheck = 1250;
				TargetAttributes = {
					87E6C4A026BA6DFD00994FA4 = {
						CreatedOnToolsVersion = 12.5.1;
					};
					87E6C4B626BA6DFE00994FA4 = {
						CreatedOnToolsVersion = 12.5.1;
						TestTargetID = 87E6C4A026BA6DFD00994FA4;
					};
					87E6C4C126BA6DFE00994FA4 = {
						CreatedOnToolsVersion = 12.5.1;
						TestTargetID = 87E6C4A026BA6DFD00994FA4;
					};
				};
			};
			buildConfigurationList = 87E6C49C26BA6DFD00994FA4 /* Build configuration list for PBXProject "BankingTrainingVIPER" */;
			compatibilityVersion = "Xcode 9.3";
			developmentRegion = en;
			hasScannedForEncodings = 0;
			knownRegions = (
				en,
				Base,
			);
			mainGroup = 87E6C49826BA6DFD00994FA4;
			productRefGroup = 87E6C4A226BA6DFD00994FA4 /* Products */;
			projectDirPath = "";
			projectRoot = "";
			targets = (
				87E6C4A026BA6DFD00994FA4 /* BankingTrainingVIPER */,
				87E6C4B626BA6DFE00994FA4 /* BankingTrainingVIPERTests */,
				87E6C4C126BA6DFE00994FA4 /* BankingTrainingVIPERUITests */,
			);
		};
/* End PBXProject section */

/* Begin PBXResourcesBuildPhase section */
		87E6C49F26BA6DFD00994FA4 /* Resources */ = {
			isa = PBXResourcesBuildPhase;
			buildActionMask = 2147483647;
			files = (
				87E6C4B126BA6DFE00994FA4 /* LaunchScreen.storyboard in Resources */,
				87E6C4F126BA7FEE00994FA4 /* DepositTableViewCell.xib in Resources */,
				6A7EB8F426C11C10002A63B0 /* AddDepositViewController.xib in Resources */,
				87E6C4E426BA7F5100994FA4 /* DepositListViewController.xib in Resources */,
				87E6C4AE26BA6DFE00994FA4 /* Assets.xcassets in Resources */,
				87E6C51426BA815C00994FA4 /* deposits_list.json in Resources */,
			);
			runOnlyForDeploymentPostprocessing = 0;
		};
		87E6C4B526BA6DFE00994FA4 /* Resources */ = {
			isa = PBXResourcesBuildPhase;
			buildActionMask = 2147483647;
			files = (
			);
			runOnlyForDeploymentPostprocessing = 0;
		};
		87E6C4C026BA6DFE00994FA4 /* Resources */ = {
			isa = PBXResourcesBuildPhase;
			buildActionMask = 2147483647;
			files = (
			);
			runOnlyForDeploymentPostprocessing = 0;
		};
/* End PBXResourcesBuildPhase section */

/* Begin PBXSourcesBuildPhase section */
		87E6C49D26BA6DFD00994FA4 /* Sources */ = {
			isa = PBXSourcesBuildPhase;
			buildActionMask = 2147483647;
			files = (
				6A7EB8F926C11D59002A63B0 /* ChequeSide.swift in Sources */,
				87E6C51126BA815000994FA4 /* URLSessionProtocol.swift in Sources */,
				87E6C52026BA959F00994FA4 /* DepositListPresenter.swift in Sources */,
				87B9ADAF26BD24C100F70A16 /* HomeTabBarBuilder.swift in Sources */,
				87B9ADB326BD24FA00F70A16 /* TransferBuilder.swift in Sources */,
				87E6C50B26BA815000994FA4 /* ServiceBuildable.swift in Sources */,
				87E6C50F26BA815000994FA4 /* NetworkClientError.swift in Sources */,
				87E6C50D26BA815000994FA4 /* URLRequest.swift in Sources */,
				87E6C4A926BA6DFD00994FA4 /* HomeTabBarController.swift in Sources */,
				87E6C4E026BA7F5100994FA4 /* DepositListViewController.swift in Sources */,
				87E6C4E826BA7F8300994FA4 /* BaseViewController.swift in Sources */,
				87E6C52226BA95FC00994FA4 /* DepositListInteractor.swift in Sources */,
				87E6C51026BA815000994FA4 /* Cache.swift in Sources */,
				87E6C50C26BA815000994FA4 /* ServiceRequestMethod.swift in Sources */,
				87E6C51626BA816F00994FA4 /* DepositListsService.swift in Sources */,
				87E6C4FE26BA813A00994FA4 /* DepositError.swift in Sources */,
				87E6C4D526BA75D300994FA4 /* MoreBuilder.swift in Sources */,
				87E6C4A526BA6DFD00994FA4 /* AppDelegate.swift in Sources */,
				87E6C4E526BA7F5100994FA4 /* DLVC+DepositListViewControllerProtocol.swift in Sources */,
				87E6C4F026BA7FEE00994FA4 /* DepositTableViewCell.swift in Sources */,
				87E6C50A26BA815000994FA4 /* MockURLSession.swift in Sources */,
				6A78676926C10700000B63B8 /* AddDepositRouter.swift in Sources */,
				6A78676B26C10729000B63B8 /* AddDepositViewController.swift in Sources */,
				87E6C4F726BA802900994FA4 /* SnackBar+Builder.swift in Sources */,
				87E6C4A726BA6DFD00994FA4 /* SceneDelegate.swift in Sources */,
				6A78676526C106AC000B63B8 /* AddDepositPresenter.swift in Sources */,
				87E6C4E326BA7F5100994FA4 /* DLVC+Animations.swift in Sources */,
				87B9ADB126BD24DE00F70A16 /* ZelleBuilder.swift in Sources */,
				87E6C52426BA9A0E00994FA4 /* DepositListRouter.swift in Sources */,
				87E6C51926BA823100994FA4 /* Environment.swift in Sources */,
				6A78676726C106D3000B63B8 /* AddDepositInteractor.swift in Sources */,
				87B9ADAD26BD248800F70A16 /* ModuleBuilder.swift in Sources */,
				87E6C4FF26BA813A00994FA4 /* DepositModel.swift in Sources */,
				87E6C4DF26BA7F5100994FA4 /* DLVC+SearchBar.swift in Sources */,
				6A7EB8F726C11D3F002A63B0 /* ChequImageView.swift in Sources */,
				87E6C4EB26BA7FCB00994FA4 /* DepositListTableViewDataSource.swift in Sources */,
				6A93A0DA26C14E18004EBD20 /* AddDepositService.swift in Sources */,
				87E6C51226BA815000994FA4 /* ServiceRequest.swift in Sources */,
				6AA9388026C1126900CBEB64 /* AddDepositProtocols.swift in Sources */,
				87E6C4F426BA802600994FA4 /* SnackBar+AlertView.swift in Sources */,
				87E6C4ED26BA7FDA00994FA4 /* SearchResultsController.swift in Sources */,
				87E6C52626BAA89F00994FA4 /* DepositBuilder.swift in Sources */,
				87E6C4F526BA802600994FA4 /* SnackBar.swift in Sources */,
				87B9ADB526BD258800F70A16 /* AccountBuilder.swift in Sources */,
				87B9ADF926C15B7A00F70A16 /* AddDepositBuilder.swift in Sources */,
				87E6C4E126BA7F5100994FA4 /* DLVC+TableView.swift in Sources */,
				87E6C51E26BA88B800994FA4 /* DepositListProtocols.swift in Sources */,
				87E6C4FA26BA807A00994FA4 /* DepositViewModel.swift in Sources */,
				87E6C50E26BA815000994FA4 /* NetworkClient.swift in Sources */,
			);
			runOnlyForDeploymentPostprocessing = 0;
		};
		87E6C4B326BA6DFE00994FA4 /* Sources */ = {
			isa = PBXSourcesBuildPhase;
			buildActionMask = 2147483647;
			files = (
				87E6C4BC26BA6DFE00994FA4 /* BankingTrainingVIPERTests.swift in Sources */,
				87B9ADF526C1397A00F70A16 /* DepositListPresenterTest.swift in Sources */,
				87B9ADF726C139AA00F70A16 /* DepositListInteractorTests.swift in Sources */,
			);
			runOnlyForDeploymentPostprocessing = 0;
		};
		87E6C4BE26BA6DFE00994FA4 /* Sources */ = {
			isa = PBXSourcesBuildPhase;
			buildActionMask = 2147483647;
			files = (
				87E6C4C726BA6DFE00994FA4 /* BankingTrainingVIPERUITests.swift in Sources */,
			);
			runOnlyForDeploymentPostprocessing = 0;
		};
/* End PBXSourcesBuildPhase section */

/* Begin PBXTargetDependency section */
		87E6C4B926BA6DFE00994FA4 /* PBXTargetDependency */ = {
			isa = PBXTargetDependency;
			target = 87E6C4A026BA6DFD00994FA4 /* BankingTrainingVIPER */;
			targetProxy = 87E6C4B826BA6DFE00994FA4 /* PBXContainerItemProxy */;
		};
		87E6C4C426BA6DFE00994FA4 /* PBXTargetDependency */ = {
			isa = PBXTargetDependency;
			target = 87E6C4A026BA6DFD00994FA4 /* BankingTrainingVIPER */;
			targetProxy = 87E6C4C326BA6DFE00994FA4 /* PBXContainerItemProxy */;
		};
/* End PBXTargetDependency section */

/* Begin PBXVariantGroup section */
		87E6C4AF26BA6DFE00994FA4 /* LaunchScreen.storyboard */ = {
			isa = PBXVariantGroup;
			children = (
				87E6C4B026BA6DFE00994FA4 /* Base */,
			);
			name = LaunchScreen.storyboard;
			sourceTree = "<group>";
		};
/* End PBXVariantGroup section */

/* Begin XCBuildConfiguration section */
		87E6C4C926BA6DFE00994FA4 /* Debug */ = {
			isa = XCBuildConfiguration;
			buildSettings = {
				ALWAYS_SEARCH_USER_PATHS = NO;
				CLANG_ANALYZER_NONNULL = YES;
				CLANG_ANALYZER_NUMBER_OBJECT_CONVERSION = YES_AGGRESSIVE;
				CLANG_CXX_LANGUAGE_STANDARD = "gnu++14";
				CLANG_CXX_LIBRARY = "libc++";
				CLANG_ENABLE_MODULES = YES;
				CLANG_ENABLE_OBJC_ARC = YES;
				CLANG_ENABLE_OBJC_WEAK = YES;
				CLANG_WARN_BLOCK_CAPTURE_AUTORELEASING = YES;
				CLANG_WARN_BOOL_CONVERSION = YES;
				CLANG_WARN_COMMA = YES;
				CLANG_WARN_CONSTANT_CONVERSION = YES;
				CLANG_WARN_DEPRECATED_OBJC_IMPLEMENTATIONS = YES;
				CLANG_WARN_DIRECT_OBJC_ISA_USAGE = YES_ERROR;
				CLANG_WARN_DOCUMENTATION_COMMENTS = YES;
				CLANG_WARN_EMPTY_BODY = YES;
				CLANG_WARN_ENUM_CONVERSION = YES;
				CLANG_WARN_INFINITE_RECURSION = YES;
				CLANG_WARN_INT_CONVERSION = YES;
				CLANG_WARN_NON_LITERAL_NULL_CONVERSION = YES;
				CLANG_WARN_OBJC_IMPLICIT_RETAIN_SELF = YES;
				CLANG_WARN_OBJC_LITERAL_CONVERSION = YES;
				CLANG_WARN_OBJC_ROOT_CLASS = YES_ERROR;
				CLANG_WARN_QUOTED_INCLUDE_IN_FRAMEWORK_HEADER = YES;
				CLANG_WARN_RANGE_LOOP_ANALYSIS = YES;
				CLANG_WARN_STRICT_PROTOTYPES = YES;
				CLANG_WARN_SUSPICIOUS_MOVE = YES;
				CLANG_WARN_UNGUARDED_AVAILABILITY = YES_AGGRESSIVE;
				CLANG_WARN_UNREACHABLE_CODE = YES;
				CLANG_WARN__DUPLICATE_METHOD_MATCH = YES;
				COPY_PHASE_STRIP = NO;
				DEBUG_INFORMATION_FORMAT = dwarf;
				ENABLE_STRICT_OBJC_MSGSEND = YES;
				ENABLE_TESTABILITY = YES;
				GCC_C_LANGUAGE_STANDARD = gnu11;
				GCC_DYNAMIC_NO_PIC = NO;
				GCC_NO_COMMON_BLOCKS = YES;
				GCC_OPTIMIZATION_LEVEL = 0;
				GCC_PREPROCESSOR_DEFINITIONS = (
					"DEBUG=1",
					"$(inherited)",
				);
				GCC_WARN_64_TO_32_BIT_CONVERSION = YES;
				GCC_WARN_ABOUT_RETURN_TYPE = YES_ERROR;
				GCC_WARN_UNDECLARED_SELECTOR = YES;
				GCC_WARN_UNINITIALIZED_AUTOS = YES_AGGRESSIVE;
				GCC_WARN_UNUSED_FUNCTION = YES;
				GCC_WARN_UNUSED_VARIABLE = YES;
				IPHONEOS_DEPLOYMENT_TARGET = 14.5;
				MTL_ENABLE_DEBUG_INFO = INCLUDE_SOURCE;
				MTL_FAST_MATH = YES;
				ONLY_ACTIVE_ARCH = YES;
				SDKROOT = iphoneos;
				SWIFT_ACTIVE_COMPILATION_CONDITIONS = DEBUG;
				SWIFT_OPTIMIZATION_LEVEL = "-Onone";
			};
			name = Debug;
		};
		87E6C4CA26BA6DFE00994FA4 /* Release */ = {
			isa = XCBuildConfiguration;
			buildSettings = {
				ALWAYS_SEARCH_USER_PATHS = NO;
				CLANG_ANALYZER_NONNULL = YES;
				CLANG_ANALYZER_NUMBER_OBJECT_CONVERSION = YES_AGGRESSIVE;
				CLANG_CXX_LANGUAGE_STANDARD = "gnu++14";
				CLANG_CXX_LIBRARY = "libc++";
				CLANG_ENABLE_MODULES = YES;
				CLANG_ENABLE_OBJC_ARC = YES;
				CLANG_ENABLE_OBJC_WEAK = YES;
				CLANG_WARN_BLOCK_CAPTURE_AUTORELEASING = YES;
				CLANG_WARN_BOOL_CONVERSION = YES;
				CLANG_WARN_COMMA = YES;
				CLANG_WARN_CONSTANT_CONVERSION = YES;
				CLANG_WARN_DEPRECATED_OBJC_IMPLEMENTATIONS = YES;
				CLANG_WARN_DIRECT_OBJC_ISA_USAGE = YES_ERROR;
				CLANG_WARN_DOCUMENTATION_COMMENTS = YES;
				CLANG_WARN_EMPTY_BODY = YES;
				CLANG_WARN_ENUM_CONVERSION = YES;
				CLANG_WARN_INFINITE_RECURSION = YES;
				CLANG_WARN_INT_CONVERSION = YES;
				CLANG_WARN_NON_LITERAL_NULL_CONVERSION = YES;
				CLANG_WARN_OBJC_IMPLICIT_RETAIN_SELF = YES;
				CLANG_WARN_OBJC_LITERAL_CONVERSION = YES;
				CLANG_WARN_OBJC_ROOT_CLASS = YES_ERROR;
				CLANG_WARN_QUOTED_INCLUDE_IN_FRAMEWORK_HEADER = YES;
				CLANG_WARN_RANGE_LOOP_ANALYSIS = YES;
				CLANG_WARN_STRICT_PROTOTYPES = YES;
				CLANG_WARN_SUSPICIOUS_MOVE = YES;
				CLANG_WARN_UNGUARDED_AVAILABILITY = YES_AGGRESSIVE;
				CLANG_WARN_UNREACHABLE_CODE = YES;
				CLANG_WARN__DUPLICATE_METHOD_MATCH = YES;
				COPY_PHASE_STRIP = NO;
				DEBUG_INFORMATION_FORMAT = "dwarf-with-dsym";
				ENABLE_NS_ASSERTIONS = NO;
				ENABLE_STRICT_OBJC_MSGSEND = YES;
				GCC_C_LANGUAGE_STANDARD = gnu11;
				GCC_NO_COMMON_BLOCKS = YES;
				GCC_WARN_64_TO_32_BIT_CONVERSION = YES;
				GCC_WARN_ABOUT_RETURN_TYPE = YES_ERROR;
				GCC_WARN_UNDECLARED_SELECTOR = YES;
				GCC_WARN_UNINITIALIZED_AUTOS = YES_AGGRESSIVE;
				GCC_WARN_UNUSED_FUNCTION = YES;
				GCC_WARN_UNUSED_VARIABLE = YES;
				IPHONEOS_DEPLOYMENT_TARGET = 14.5;
				MTL_ENABLE_DEBUG_INFO = NO;
				MTL_FAST_MATH = YES;
				SDKROOT = iphoneos;
				SWIFT_COMPILATION_MODE = wholemodule;
				SWIFT_OPTIMIZATION_LEVEL = "-O";
				VALIDATE_PRODUCT = YES;
			};
			name = Release;
		};
		87E6C4CC26BA6DFE00994FA4 /* Debug */ = {
			isa = XCBuildConfiguration;
			buildSettings = {
				ASSETCATALOG_COMPILER_APPICON_NAME = AppIcon;
				ASSETCATALOG_COMPILER_GLOBAL_ACCENT_COLOR_NAME = AccentColor;
				CODE_SIGN_STYLE = Automatic;
				DEVELOPMENT_TEAM = GK5XHW9J8B;
				INFOPLIST_FILE = BankingTrainingVIPER/Info.plist;
				LD_RUNPATH_SEARCH_PATHS = (
					"$(inherited)",
					"@executable_path/Frameworks",
				);
				PRODUCT_BUNDLE_IDENTIFIER = com.ibm.BankingTrainingVIPER;
				PRODUCT_NAME = "$(TARGET_NAME)";
				SWIFT_VERSION = 5.0;
				TARGETED_DEVICE_FAMILY = "1,2";
			};
			name = Debug;
		};
		87E6C4CD26BA6DFE00994FA4 /* Release */ = {
			isa = XCBuildConfiguration;
			buildSettings = {
				ASSETCATALOG_COMPILER_APPICON_NAME = AppIcon;
				ASSETCATALOG_COMPILER_GLOBAL_ACCENT_COLOR_NAME = AccentColor;
				CODE_SIGN_STYLE = Automatic;
				DEVELOPMENT_TEAM = GK5XHW9J8B;
				INFOPLIST_FILE = BankingTrainingVIPER/Info.plist;
				LD_RUNPATH_SEARCH_PATHS = (
					"$(inherited)",
					"@executable_path/Frameworks",
				);
				PRODUCT_BUNDLE_IDENTIFIER = com.ibm.BankingTrainingVIPER;
				PRODUCT_NAME = "$(TARGET_NAME)";
				SWIFT_VERSION = 5.0;
				TARGETED_DEVICE_FAMILY = "1,2";
			};
			name = Release;
		};
		87E6C4CF26BA6DFE00994FA4 /* Debug */ = {
			isa = XCBuildConfiguration;
			buildSettings = {
				ALWAYS_EMBED_SWIFT_STANDARD_LIBRARIES = YES;
				BUNDLE_LOADER = "$(TEST_HOST)";
				CODE_SIGN_STYLE = Automatic;
				DEVELOPMENT_TEAM = GK5XHW9J8B;
				INFOPLIST_FILE = BankingTrainingVIPERTests/Info.plist;
				IPHONEOS_DEPLOYMENT_TARGET = 14.5;
				LD_RUNPATH_SEARCH_PATHS = (
					"$(inherited)",
					"@executable_path/Frameworks",
					"@loader_path/Frameworks",
				);
				PRODUCT_BUNDLE_IDENTIFIER = com.ibm.BankingTrainingVIPERTests;
				PRODUCT_NAME = "$(TARGET_NAME)";
				SWIFT_VERSION = 5.0;
				TARGETED_DEVICE_FAMILY = "1,2";
				TEST_HOST = "$(BUILT_PRODUCTS_DIR)/BankingTrainingVIPER.app/BankingTrainingVIPER";
			};
			name = Debug;
		};
		87E6C4D026BA6DFE00994FA4 /* Release */ = {
			isa = XCBuildConfiguration;
			buildSettings = {
				ALWAYS_EMBED_SWIFT_STANDARD_LIBRARIES = YES;
				BUNDLE_LOADER = "$(TEST_HOST)";
				CODE_SIGN_STYLE = Automatic;
				DEVELOPMENT_TEAM = GK5XHW9J8B;
				INFOPLIST_FILE = BankingTrainingVIPERTests/Info.plist;
				IPHONEOS_DEPLOYMENT_TARGET = 14.5;
				LD_RUNPATH_SEARCH_PATHS = (
					"$(inherited)",
					"@executable_path/Frameworks",
					"@loader_path/Frameworks",
				);
				PRODUCT_BUNDLE_IDENTIFIER = com.ibm.BankingTrainingVIPERTests;
				PRODUCT_NAME = "$(TARGET_NAME)";
				SWIFT_VERSION = 5.0;
				TARGETED_DEVICE_FAMILY = "1,2";
				TEST_HOST = "$(BUILT_PRODUCTS_DIR)/BankingTrainingVIPER.app/BankingTrainingVIPER";
			};
			name = Release;
		};
		87E6C4D226BA6DFE00994FA4 /* Debug */ = {
			isa = XCBuildConfiguration;
			buildSettings = {
				ALWAYS_EMBED_SWIFT_STANDARD_LIBRARIES = YES;
				CODE_SIGN_STYLE = Automatic;
				DEVELOPMENT_TEAM = GK5XHW9J8B;
				INFOPLIST_FILE = BankingTrainingVIPERUITests/Info.plist;
				LD_RUNPATH_SEARCH_PATHS = (
					"$(inherited)",
					"@executable_path/Frameworks",
					"@loader_path/Frameworks",
				);
				PRODUCT_BUNDLE_IDENTIFIER = com.ibm.BankingTrainingVIPERUITests;
				PRODUCT_NAME = "$(TARGET_NAME)";
				SWIFT_VERSION = 5.0;
				TARGETED_DEVICE_FAMILY = "1,2";
				TEST_TARGET_NAME = BankingTrainingVIPER;
			};
			name = Debug;
		};
		87E6C4D326BA6DFE00994FA4 /* Release */ = {
			isa = XCBuildConfiguration;
			buildSettings = {
				ALWAYS_EMBED_SWIFT_STANDARD_LIBRARIES = YES;
				CODE_SIGN_STYLE = Automatic;
				DEVELOPMENT_TEAM = GK5XHW9J8B;
				INFOPLIST_FILE = BankingTrainingVIPERUITests/Info.plist;
				LD_RUNPATH_SEARCH_PATHS = (
					"$(inherited)",
					"@executable_path/Frameworks",
					"@loader_path/Frameworks",
				);
				PRODUCT_BUNDLE_IDENTIFIER = com.ibm.BankingTrainingVIPERUITests;
				PRODUCT_NAME = "$(TARGET_NAME)";
				SWIFT_VERSION = 5.0;
				TARGETED_DEVICE_FAMILY = "1,2";
				TEST_TARGET_NAME = BankingTrainingVIPER;
			};
			name = Release;
		};
/* End XCBuildConfiguration section */

/* Begin XCConfigurationList section */
		87E6C49C26BA6DFD00994FA4 /* Build configuration list for PBXProject "BankingTrainingVIPER" */ = {
			isa = XCConfigurationList;
			buildConfigurations = (
				87E6C4C926BA6DFE00994FA4 /* Debug */,
				87E6C4CA26BA6DFE00994FA4 /* Release */,
			);
			defaultConfigurationIsVisible = 0;
			defaultConfigurationName = Release;
		};
		87E6C4CB26BA6DFE00994FA4 /* Build configuration list for PBXNativeTarget "BankingTrainingVIPER" */ = {
			isa = XCConfigurationList;
			buildConfigurations = (
				87E6C4CC26BA6DFE00994FA4 /* Debug */,
				87E6C4CD26BA6DFE00994FA4 /* Release */,
			);
			defaultConfigurationIsVisible = 0;
			defaultConfigurationName = Release;
		};
		87E6C4CE26BA6DFE00994FA4 /* Build configuration list for PBXNativeTarget "BankingTrainingVIPERTests" */ = {
			isa = XCConfigurationList;
			buildConfigurations = (
				87E6C4CF26BA6DFE00994FA4 /* Debug */,
				87E6C4D026BA6DFE00994FA4 /* Release */,
			);
			defaultConfigurationIsVisible = 0;
			defaultConfigurationName = Release;
		};
		87E6C4D126BA6DFE00994FA4 /* Build configuration list for PBXNativeTarget "BankingTrainingVIPERUITests" */ = {
			isa = XCConfigurationList;
			buildConfigurations = (
				87E6C4D226BA6DFE00994FA4 /* Debug */,
				87E6C4D326BA6DFE00994FA4 /* Release */,
			);
			defaultConfigurationIsVisible = 0;
			defaultConfigurationName = Release;
		};
/* End XCConfigurationList section */
	};
	rootObject = 87E6C49926BA6DFD00994FA4 /* Project object */;
}
